{
  "name": "covina-uv-historical-trends",
  "version": "1.0.0",
  "lockfileVersion": 3,
  "requires": true,
  "packages": {
    "": {
      "name": "covina-uv-historical-trends",
      "version": "1.0.0",
      "devDependencies": {
        "attest-client": "^3.0.0"
      }
    },
    "node_modules/attest-client": {
      "version": "3.0.0",
      "resolved": "https://registry.npmjs.org/attest-client/-/attest-client-3.0.0.tgz",
      "integrity": "sha512-osEtYzRDeWX3p/LmmwzwONSLM5noct8BqGRHSraCfnRq8+tsEiAFOZCpgiqLiPHSwiE+pFe0GCGyFp0glTBgKQ==",
      "dev": true,
      "license": "MIT",
      "bin": {
        "attest": "cli.js"
      },
      "engines": {
        "node": ">=18"
      }
    }
  }
}
